
Microsoft Visual Studio Solution File, Format Version 12.00
# Visual Studio Version 16
VisualStudioVersion = 16.6.30114.105
MinimumVisualStudioVersion = 10.0.40219.1
Project("{9A19103F-16F7-4668-BE54-9A1E7A4F7556}") = "API", "API\API.csproj", "{771DC5CD-25B6-415F-8AE0-1899A56F290A}"
EndProject
Project("{9A19103F-16F7-4668-BE54-9A1E7A4F7556}") = "Domain", "Domain\Domain.csproj", "{70B13173-927A-4ED5-BE08-A5F72584EA17}"
EndProject
Project("{9A19103F-16F7-4668-BE54-9A1E7A4F7556}") = "Services", "Services\Services.csproj", "{1832F9B7-EB9F-4B45-BCF6-840149301DF8}"
EndProject
Project("{9A19103F-16F7-4668-BE54-9A1E7A4F7556}") = "Infrastructure", "Infrastructure\Infrastructure.csproj", "{0BF21FFD-FA30-4159-B75D-1CBAA1920032}"
EndProject
Project("{2150E333-8FDC-42A3-9474-1A3956D46DE8}") = "2- API", "2- API", "{2CC21549-D9A3-4623-A28E-F934B85269B5}"
EndProject
Project("{2150E333-8FDC-42A3-9474-1A3956D46DE8}") = "4 - Services", "4 - Services", "{57B5018C-2725-48F7-8CDC-6CA6940E4366}"
EndProject
Project("{2150E333-8FDC-42A3-9474-1A3956D46DE8}") = "3 - Domain", "3 - Domain", "{75F3AF48-D564-4D3C-A1CA-623C1CDD76CC}"
EndProject
Project("{2150E333-8FDC-42A3-9474-1A3956D46DE8}") = "5 - Infrastructure", "5 - Infrastructure", "{EE8C677C-3533-40E9-9858-61A8DBED525B}"
EndProject
Project("{2150E333-8FDC-42A3-9474-1A3956D46DE8}") = "1 - UI", "1 - UI", "{DEC0ACFF-69B6-4FE8-9D5D-2E1D854E8B2C}"
EndProject
Global
	GlobalSection(SolutionConfigurationPlatforms) = preSolution
		Debug|Any CPU = Debug|Any CPU
		Debug|x64 = Debug|x64
		Debug|x86 = Debug|x86
		Release|Any CPU = Release|Any CPU
		Release|x64 = Release|x64
		Release|x86 = Release|x86
	EndGlobalSection
	GlobalSection(ProjectConfigurationPlatforms) = postSolution
		{771DC5CD-25B6-415F-8AE0-1899A56F290A}.Debug|Any CPU.ActiveCfg = Debug|Any CPU
		{771DC5CD-25B6-415F-8AE0-1899A56F290A}.Debug|Any CPU.Build.0 = Debug|Any CPU
		{771DC5CD-25B6-415F-8AE0-1899A56F290A}.Debug|x64.ActiveCfg = Debug|Any CPU
		{771DC5CD-25B6-415F-8AE0-1899A56F290A}.Debug|x64.Build.0 = Debug|Any CPU
		{771DC5CD-25B6-415F-8AE0-1899A56F290A}.Debug|x86.ActiveCfg = Debug|Any CPU
		{771DC5CD-25B6-415F-8AE0-1899A56F290A}.Debug|x86.Build.0 = Debug|Any CPU
		{771DC5CD-25B6-415F-8AE0-1899A56F290A}.Release|Any CPU.ActiveCfg = Release|Any CPU
		{771DC5CD-25B6-415F-8AE0-1899A56F290A}.Release|Any CPU.Build.0 = Release|Any CPU
		{771DC5CD-25B6-415F-8AE0-1899A56F290A}.Release|x64.ActiveCfg = Release|Any CPU
		{771DC5CD-25B6-415F-8AE0-1899A56F290A}.Release|x64.Build.0 = Release|Any CPU
		{771DC5CD-25B6-415F-8AE0-1899A56F290A}.Release|x86.ActiveCfg = Release|Any CPU
		{771DC5CD-25B6-415F-8AE0-1899A56F290A}.Release|x86.Build.0 = Release|Any CPU
		{70B13173-927A-4ED5-BE08-A5F72584EA17}.Debug|Any CPU.ActiveCfg = Debug|Any CPU
		{70B13173-927A-4ED5-BE08-A5F72584EA17}.Debug|Any CPU.Build.0 = Debug|Any CPU
		{70B13173-927A-4ED5-BE08-A5F72584EA17}.Debug|x64.ActiveCfg = Debug|Any CPU
		{70B13173-927A-4ED5-BE08-A5F72584EA17}.Debug|x64.Build.0 = Debug|Any CPU
		{70B13173-927A-4ED5-BE08-A5F72584EA17}.Debug|x86.ActiveCfg = Debug|Any CPU
		{70B13173-927A-4ED5-BE08-A5F72584EA17}.Debug|x86.Build.0 = Debug|Any CPU
		{70B13173-927A-4ED5-BE08-A5F72584EA17}.Release|Any CPU.ActiveCfg = Release|Any CPU
		{70B13173-927A-4ED5-BE08-A5F72584EA17}.Release|Any CPU.Build.0 = Release|Any CPU
		{70B13173-927A-4ED5-BE08-A5F72584EA17}.Release|x64.ActiveCfg = Release|Any CPU
		{70B13173-927A-4ED5-BE08-A5F72584EA17}.Release|x64.Build.0 = Release|Any CPU
		{70B13173-927A-4ED5-BE08-A5F72584EA17}.Release|x86.ActiveCfg = Release|Any CPU
		{70B13173-927A-4ED5-BE08-A5F72584EA17}.Release|x86.Build.0 = Release|Any CPU
		{1832F9B7-EB9F-4B45-BCF6-840149301DF8}.Debug|Any CPU.ActiveCfg = Debug|Any CPU
		{1832F9B7-EB9F-4B45-BCF6-840149301DF8}.Debug|Any CPU.Build.0 = Debug|Any CPU
		{1832F9B7-EB9F-4B45-BCF6-840149301DF8}.Debug|x64.ActiveCfg = Debug|Any CPU
		{1832F9B7-EB9F-4B45-BCF6-840149301DF8}.Debug|x64.Build.0 = Debug|Any CPU
		{1832F9B7-EB9F-4B45-BCF6-840149301DF8}.Debug|x86.ActiveCfg = Debug|Any CPU
		{1832F9B7-EB9F-4B45-BCF6-840149301DF8}.Debug|x86.Build.0 = Debug|Any CPU
		{1832F9B7-EB9F-4B45-BCF6-840149301DF8}.Release|Any CPU.ActiveCfg = Release|Any CPU
		{1832F9B7-EB9F-4B45-BCF6-840149301DF8}.Release|Any CPU.Build.0 = Release|Any CPU
		{1832F9B7-EB9F-4B45-BCF6-840149301DF8}.Release|x64.ActiveCfg = Release|Any CPU
		{1832F9B7-EB9F-4B45-BCF6-840149301DF8}.Release|x64.Build.0 = Release|Any CPU
		{1832F9B7-EB9F-4B45-BCF6-840149301DF8}.Release|x86.ActiveCfg = Release|Any CPU
		{1832F9B7-EB9F-4B45-BCF6-840149301DF8}.Release|x86.Build.0 = Release|Any CPU
		{0BF21FFD-FA30-4159-B75D-1CBAA1920032}.Debug|Any CPU.ActiveCfg = Debug|Any CPU
		{0BF21FFD-FA30-4159-B75D-1CBAA1920032}.Debug|Any CPU.Build.0 = Debug|Any CPU
		{0BF21FFD-FA30-4159-B75D-1CBAA1920032}.Debug|x64.ActiveCfg = Debug|Any CPU
		{0BF21FFD-FA30-4159-B75D-1CBAA1920032}.Debug|x64.Build.0 = Debug|Any CPU
		{0BF21FFD-FA30-4159-B75D-1CBAA1920032}.Debug|x86.ActiveCfg = Debug|Any CPU
		{0BF21FFD-FA30-4159-B75D-1CBAA1920032}.Debug|x86.Build.0 = Debug|Any CPU
		{0BF21FFD-FA30-4159-B75D-1CBAA1920032}.Release|Any CPU.ActiveCfg = Release|Any CPU
		{0BF21FFD-FA30-4159-B75D-1CBAA1920032}.Release|Any CPU.Build.0 = Release|Any CPU
		{0BF21FFD-FA30-4159-B75D-1CBAA1920032}.Release|x64.ActiveCfg = Release|Any CPU
		{0BF21FFD-FA30-4159-B75D-1CBAA1920032}.Release|x64.Build.0 = Release|Any CPU
		{0BF21FFD-FA30-4159-B75D-1CBAA1920032}.Release|x86.ActiveCfg = Release|Any CPU
		{0BF21FFD-FA30-4159-B75D-1CBAA1920032}.Release|x86.Build.0 = Release|Any CPU
	EndGlobalSection
	GlobalSection(SolutionProperties) = preSolution
		HideSolutionNode = FALSE
	EndGlobalSection
	GlobalSection(NestedProjects) = preSolution
		{771DC5CD-25B6-415F-8AE0-1899A56F290A} = {2CC21549-D9A3-4623-A28E-F934B85269B5}
		{70B13173-927A-4ED5-BE08-A5F72584EA17} = {75F3AF48-D564-4D3C-A1CA-623C1CDD76CC}
		{1832F9B7-EB9F-4B45-BCF6-840149301DF8} = {57B5018C-2725-48F7-8CDC-6CA6940E4366}
		{0BF21FFD-FA30-4159-B75D-1CBAA1920032} = {EE8C677C-3533-40E9-9858-61A8DBED525B}
	EndGlobalSection
	GlobalSection(ExtensibilityGlobals) = postSolution
		SolutionGuid = {7F5DF549-3405-4F9A-B424-0D7454DA0E35}
	EndGlobalSection
EndGlobal
