
Microsoft Visual Studio Solution File, Format Version 12.00
# Visual Studio Version 17
VisualStudioVersion = 17.0.32014.148
MinimumVisualStudioVersion = 10.0.40219.1
Project("{9A19103F-16F7-4668-BE54-9A1E7A4F7556}") = "SO.Agenda.Domain.Model", "SO.Agenda.Domain.Model\SO.Agenda.Domain.Model.csproj", "{D81F522A-EDA4-46C8-ADDC-03F17A6E4117}"
EndProject
Project("{2150E333-8FDC-42A3-9474-1A3956D46DE8}") = "0 - Presentation", "0 - Presentation", "{76024CCD-A801-4988-BE52-7B2FF2436CBD}"
EndProject
Project("{2150E333-8FDC-42A3-9474-1A3956D46DE8}") = "1 - Application", "1 - Application", "{8C569855-5A4C-4B1A-86B1-0EDDEF152B9B}"
EndProject
Project("{2150E333-8FDC-42A3-9474-1A3956D46DE8}") = "2 - Domain", "2 - Domain", "{04DFF504-5BB1-4289-BAF7-3B1BE300B1A4}"
EndProject
Project("{2150E333-8FDC-42A3-9474-1A3956D46DE8}") = "3 - Infrastructure", "3 - Infrastructure", "{C644054A-0824-4C62-8C64-8044B061215A}"
EndProject
Project("{9A19103F-16F7-4668-BE54-9A1E7A4F7556}") = "SO.Agenda.Domain.Service", "SO.Agenda.Domain.Service\SO.Agenda.Domain.Service.csproj", "{E7526EBE-B790-4729-BB0F-CACE67406892}"
EndProject
Project("{9A19103F-16F7-4668-BE54-9A1E7A4F7556}") = "SO.Agenda.Infrastructure.CrossCutting", "SO.Agenda.Infrastructure.CrossCutting\SO.Agenda.Infrastructure.CrossCutting.csproj", "{2038239B-C5E2-448B-90A7-A486B27566C9}"
EndProject
Project("{9A19103F-16F7-4668-BE54-9A1E7A4F7556}") = "SO.Agenda.Infrastructure.Data", "SO.Agenda.Infrastructure.Data\SO.Agenda.Infrastructure.Data.csproj", "{632E698C-AAA5-4B6B-8387-34AD50024221}"
EndProject
Project("{9A19103F-16F7-4668-BE54-9A1E7A4F7556}") = "SO.Agenda.Infrastructure.IoC", "SO.Agenda.Infrastructure.IoC\SO.Agenda.Infrastructure.IoC.csproj", "{D2471913-7875-4BD5-98D8-A9D28069ACD5}"
EndProject
Project("{9A19103F-16F7-4668-BE54-9A1E7A4F7556}") = "SO.Agenda.Application", "SO.Agenda.Application\SO.Agenda.Application.csproj", "{9B7BDB93-281C-45D2-8C52-BD6478687A54}"
EndProject
Project("{9A19103F-16F7-4668-BE54-9A1E7A4F7556}") = "SO.Agenda.Presentation", "SO.Agenda.Presentation\SO.Agenda.Presentation.csproj", "{2585F181-4782-4993-A2AF-CC56E3BB5C7D}"
EndProject
Global
	GlobalSection(SolutionConfigurationPlatforms) = preSolution
		Debug|Any CPU = Debug|Any CPU
		Release|Any CPU = Release|Any CPU
	EndGlobalSection
	GlobalSection(ProjectConfigurationPlatforms) = postSolution
		{D81F522A-EDA4-46C8-ADDC-03F17A6E4117}.Debug|Any CPU.ActiveCfg = Debug|Any CPU
		{D81F522A-EDA4-46C8-ADDC-03F17A6E4117}.Debug|Any CPU.Build.0 = Debug|Any CPU
		{D81F522A-EDA4-46C8-ADDC-03F17A6E4117}.Release|Any CPU.ActiveCfg = Release|Any CPU
		{D81F522A-EDA4-46C8-ADDC-03F17A6E4117}.Release|Any CPU.Build.0 = Release|Any CPU
		{E7526EBE-B790-4729-BB0F-CACE67406892}.Debug|Any CPU.ActiveCfg = Debug|Any CPU
		{E7526EBE-B790-4729-BB0F-CACE67406892}.Debug|Any CPU.Build.0 = Debug|Any CPU
		{E7526EBE-B790-4729-BB0F-CACE67406892}.Release|Any CPU.ActiveCfg = Release|Any CPU
		{E7526EBE-B790-4729-BB0F-CACE67406892}.Release|Any CPU.Build.0 = Release|Any CPU
		{2038239B-C5E2-448B-90A7-A486B27566C9}.Debug|Any CPU.ActiveCfg = Debug|Any CPU
		{2038239B-C5E2-448B-90A7-A486B27566C9}.Debug|Any CPU.Build.0 = Debug|Any CPU
		{2038239B-C5E2-448B-90A7-A486B27566C9}.Release|Any CPU.ActiveCfg = Release|Any CPU
		{2038239B-C5E2-448B-90A7-A486B27566C9}.Release|Any CPU.Build.0 = Release|Any CPU
		{632E698C-AAA5-4B6B-8387-34AD50024221}.Debug|Any CPU.ActiveCfg = Debug|Any CPU
		{632E698C-AAA5-4B6B-8387-34AD50024221}.Debug|Any CPU.Build.0 = Debug|Any CPU
		{632E698C-AAA5-4B6B-8387-34AD50024221}.Release|Any CPU.ActiveCfg = Release|Any CPU
		{632E698C-AAA5-4B6B-8387-34AD50024221}.Release|Any CPU.Build.0 = Release|Any CPU
		{D2471913-7875-4BD5-98D8-A9D28069ACD5}.Debug|Any CPU.ActiveCfg = Debug|Any CPU
		{D2471913-7875-4BD5-98D8-A9D28069ACD5}.Debug|Any CPU.Build.0 = Debug|Any CPU
		{D2471913-7875-4BD5-98D8-A9D28069ACD5}.Release|Any CPU.ActiveCfg = Release|Any CPU
		{D2471913-7875-4BD5-98D8-A9D28069ACD5}.Release|Any CPU.Build.0 = Release|Any CPU
		{9B7BDB93-281C-45D2-8C52-BD6478687A54}.Debug|Any CPU.ActiveCfg = Debug|Any CPU
		{9B7BDB93-281C-45D2-8C52-BD6478687A54}.Debug|Any CPU.Build.0 = Debug|Any CPU
		{9B7BDB93-281C-45D2-8C52-BD6478687A54}.Release|Any CPU.ActiveCfg = Release|Any CPU
		{9B7BDB93-281C-45D2-8C52-BD6478687A54}.Release|Any CPU.Build.0 = Release|Any CPU
		{2585F181-4782-4993-A2AF-CC56E3BB5C7D}.Debug|Any CPU.ActiveCfg = Debug|Any CPU
		{2585F181-4782-4993-A2AF-CC56E3BB5C7D}.Debug|Any CPU.Build.0 = Debug|Any CPU
		{2585F181-4782-4993-A2AF-CC56E3BB5C7D}.Release|Any CPU.ActiveCfg = Release|Any CPU
		{2585F181-4782-4993-A2AF-CC56E3BB5C7D}.Release|Any CPU.Build.0 = Release|Any CPU
	EndGlobalSection
	GlobalSection(SolutionProperties) = preSolution
		HideSolutionNode = FALSE
	EndGlobalSection
	GlobalSection(NestedProjects) = preSolution
		{D81F522A-EDA4-46C8-ADDC-03F17A6E4117} = {04DFF504-5BB1-4289-BAF7-3B1BE300B1A4}
		{E7526EBE-B790-4729-BB0F-CACE67406892} = {04DFF504-5BB1-4289-BAF7-3B1BE300B1A4}
		{2038239B-C5E2-448B-90A7-A486B27566C9} = {C644054A-0824-4C62-8C64-8044B061215A}
		{632E698C-AAA5-4B6B-8387-34AD50024221} = {C644054A-0824-4C62-8C64-8044B061215A}
		{D2471913-7875-4BD5-98D8-A9D28069ACD5} = {C644054A-0824-4C62-8C64-8044B061215A}
		{9B7BDB93-281C-45D2-8C52-BD6478687A54} = {8C569855-5A4C-4B1A-86B1-0EDDEF152B9B}
		{2585F181-4782-4993-A2AF-CC56E3BB5C7D} = {76024CCD-A801-4988-BE52-7B2FF2436CBD}
	EndGlobalSection
	GlobalSection(ExtensibilityGlobals) = postSolution
		SolutionGuid = {1D2CB88D-CFAB-4CB5-9246-804FF9C02BCB}
	EndGlobalSection
EndGlobal
